
Microsoft Visual Studio Solution File, Format Version 12.00
# Visual Studio Version 17
VisualStudioVersion = 17.9.34902.65
MinimumVisualStudioVersion = 10.0.40219.1
Project("{FAE04EC0-301F-11D3-BF4B-00C04F79EFBC}") = "01.SortEvenNumbers", "01.SortEvenNumbers\01.SortEvenNumbers.csproj", "{44E19A8B-A850-4D9E-8DA4-C92E1EC0E3F9}"
EndProject
Project("{FAE04EC0-301F-11D3-BF4B-00C04F79EFBC}") = "02.SumNumbers", "02.SumNumbers\02.SumNumbers.csproj", "{3D2F3294-670A-4B60-80A6-6059B5A4B3B2}"
EndProject
Project("{FAE04EC0-301F-11D3-BF4B-00C04F79EFBC}") = "03.CountUppercaseWords", "03.CountUppercaseWords\03.CountUppercaseWords.csproj", "{C62DAFFA-DB1E-4BB4-9A6A-087C81CD1DEE}"
EndProject
Project("{FAE04EC0-301F-11D3-BF4B-00C04F79EFBC}") = "04.AddVAT", "04.AddVAT\04.AddVAT.csproj", "{BB27AE99-A386-4010-9B3D-ECCCB6708D18}"
EndProject
Project("{FAE04EC0-301F-11D3-BF4B-00C04F79EFBC}") = "05.FilterByAge", "05.FilterByAge\05.FilterByAge.csproj", "{2342C718-3F70-4307-882C-039A48DDA366}"
EndProject
Global
	GlobalSection(SolutionConfigurationPlatforms) = preSolution
		Debug|Any CPU = Debug|Any CPU
		Release|Any CPU = Release|Any CPU
	EndGlobalSection
	GlobalSection(ProjectConfigurationPlatforms) = postSolution
		{44E19A8B-A850-4D9E-8DA4-C92E1EC0E3F9}.Debug|Any CPU.ActiveCfg = Debug|Any CPU
		{44E19A8B-A850-4D9E-8DA4-C92E1EC0E3F9}.Debug|Any CPU.Build.0 = Debug|Any CPU
		{44E19A8B-A850-4D9E-8DA4-C92E1EC0E3F9}.Release|Any CPU.ActiveCfg = Release|Any CPU
		{44E19A8B-A850-4D9E-8DA4-C92E1EC0E3F9}.Release|Any CPU.Build.0 = Release|Any CPU
		{3D2F3294-670A-4B60-80A6-6059B5A4B3B2}.Debug|Any CPU.ActiveCfg = Debug|Any CPU
		{3D2F3294-670A-4B60-80A6-6059B5A4B3B2}.Debug|Any CPU.Build.0 = Debug|Any CPU
		{3D2F3294-670A-4B60-80A6-6059B5A4B3B2}.Release|Any CPU.ActiveCfg = Release|Any CPU
		{3D2F3294-670A-4B60-80A6-6059B5A4B3B2}.Release|Any CPU.Build.0 = Release|Any CPU
		{C62DAFFA-DB1E-4BB4-9A6A-087C81CD1DEE}.Debug|Any CPU.ActiveCfg = Debug|Any CPU
		{C62DAFFA-DB1E-4BB4-9A6A-087C81CD1DEE}.Debug|Any CPU.Build.0 = Debug|Any CPU
		{C62DAFFA-DB1E-4BB4-9A6A-087C81CD1DEE}.Release|Any CPU.ActiveCfg = Release|Any CPU
		{C62DAFFA-DB1E-4BB4-9A6A-087C81CD1DEE}.Release|Any CPU.Build.0 = Release|Any CPU
		{BB27AE99-A386-4010-9B3D-ECCCB6708D18}.Debug|Any CPU.ActiveCfg = Debug|Any CPU
		{BB27AE99-A386-4010-9B3D-ECCCB6708D18}.Debug|Any CPU.Build.0 = Debug|Any CPU
		{BB27AE99-A386-4010-9B3D-ECCCB6708D18}.Release|Any CPU.ActiveCfg = Release|Any CPU
		{BB27AE99-A386-4010-9B3D-ECCCB6708D18}.Release|Any CPU.Build.0 = Release|Any CPU
		{2342C718-3F70-4307-882C-039A48DDA366}.Debug|Any CPU.ActiveCfg = Debug|Any CPU
		{2342C718-3F70-4307-882C-039A48DDA366}.Debug|Any CPU.Build.0 = Debug|Any CPU
		{2342C718-3F70-4307-882C-039A48DDA366}.Release|Any CPU.ActiveCfg = Release|Any CPU
		{2342C718-3F70-4307-882C-039A48DDA366}.Release|Any CPU.Build.0 = Release|Any CPU
	EndGlobalSection
	GlobalSection(SolutionProperties) = preSolution
		HideSolutionNode = FALSE
	EndGlobalSection
	GlobalSection(ExtensibilityGlobals) = postSolution
		SolutionGuid = {C5A7A58B-E712-455C-8A78-EB8926825CE8}
	EndGlobalSection
EndGlobal
